
Microsoft Visual Studio Solution File, Format Version 12.00
# Visual Studio 15
VisualStudioVersion = 15.0.26730.16
MinimumVisualStudioVersion = 10.0.40219.1
Project("{E24C65DC-7377-472B-9ABA-BC803B73C61A}") = "1_3", "1_3\", "{620812C8-DB5E-40AE-8564-CEF04C4F6E21}"
	ProjectSection(WebsiteProperties) = preProject
		TargetFrameworkMoniker = ".NETFramework,Version%3Dv4.6.1"
		Debug.AspNetCompiler.VirtualPath = "/localhost_19408"
		Debug.AspNetCompiler.PhysicalPath = "1_3\"
		Debug.AspNetCompiler.TargetPath = "PrecompiledWeb\localhost_19408\"
		Debug.AspNetCompiler.Updateable = "true"
		Debug.AspNetCompiler.ForceOverwrite = "true"
		Debug.AspNetCompiler.FixedNames = "false"
		Debug.AspNetCompiler.Debug = "True"
		Release.AspNetCompiler.VirtualPath = "/localhost_19408"
		Release.AspNetCompiler.PhysicalPath = "1_3\"
		Release.AspNetCompiler.TargetPath = "PrecompiledWeb\localhost_19408\"
		Release.AspNetCompiler.Updateable = "true"
		Release.AspNetCompiler.ForceOverwrite = "true"
		Release.AspNetCompiler.FixedNames = "false"
		Release.AspNetCompiler.Debug = "False"
		VWDPort = "19408"
		SlnRelativePath = "1_3\"
		DefaultWebSiteLanguage = "Visual C#"
	EndProjectSection
EndProject
Project("{FAE04EC0-301F-11D3-BF4B-00C04F79EFBC}") = "1_8", "1_8\1_8.csproj", "{5C71879C-0BF6-42ED-ADB5-6C8426480C39}"
EndProject
Project("{FAE04EC0-301F-11D3-BF4B-00C04F79EFBC}") = "2_2", "2_2\2_2.csproj", "{EDEC39DF-5486-4DD1-85EC-645803D9910D}"
EndProject
Project("{FAE04EC0-301F-11D3-BF4B-00C04F79EFBC}") = "2_3", "2_3\2_3.csproj", "{496C9AFD-37EB-48CD-A923-48F664790FC3}"
EndProject
Project("{FAE04EC0-301F-11D3-BF4B-00C04F79EFBC}") = "2_1_1", "2_1_1\2_1_1.csproj", "{B10651D9-3F5C-4606-B2CE-056BB7FC09CD}"
EndProject
Project("{FAE04EC0-301F-11D3-BF4B-00C04F79EFBC}") = "3_2_1", "3_2_1\3_2_1.csproj", "{FEE1082E-4349-4753-82FB-43831E8F780D}"
EndProject
Project("{FAE04EC0-301F-11D3-BF4B-00C04F79EFBC}") = "3_2_2", "3_2_2\3_2_2.csproj", "{796054DF-1B68-4747-8873-9D77F1E55DB0}"
EndProject
Project("{FAE04EC0-301F-11D3-BF4B-00C04F79EFBC}") = "3_3_Focus", "3_3_Focus\3_3_Focus.csproj", "{41FDB887-5FA4-4E16-906B-69A4AEAC648F}"
EndProject
Project("{FAE04EC0-301F-11D3-BF4B-00C04F79EFBC}") = "3_3_Events", "3_3_Events\3_3_Events.csproj", "{04D044F0-1EE3-4FBB-B5C6-B2910707DF1A}"
EndProject
Project("{FAE04EC0-301F-11D3-BF4B-00C04F79EFBC}") = "3_4_Lists", "3_4_Lists\3_4_Lists.csproj", "{B54D886C-873B-4E19-A738-FC2E5BE27C83}"
EndProject
Project("{FAE04EC0-301F-11D3-BF4B-00C04F79EFBC}") = "3_4_BulletedList", "3_4_BulletedList\3_4_BulletedList.csproj", "{D143D2F5-C0EB-430C-A2F7-975A653BE666}"
EndProject
Project("{FAE04EC0-301F-11D3-BF4B-00C04F79EFBC}") = "3_5_Validation", "3_5_Validation\3_5_Validation.csproj", "{BD1D60B0-170F-4112-82D2-9736C48CF1E7}"
EndProject
Project("{FAE04EC0-301F-11D3-BF4B-00C04F79EFBC}") = "3_6_AdRotator", "3_6_AdRotator\3_6_AdRotator.csproj", "{225BE1C7-523B-48DE-8FB6-17C1B11EC360}"
EndProject
Project("{FAE04EC0-301F-11D3-BF4B-00C04F79EFBC}") = "3_6_Calendar", "3_6_Calendar\3_6_Calendar.csproj", "{34C74AC6-54CF-4990-AFD1-CE5D7A99CBF8}"
EndProject
Project("{FAE04EC0-301F-11D3-BF4B-00C04F79EFBC}") = "4_2_asax", "4_2_aspx\4_2_asax.csproj", "{2EAEA113-5776-44E9-B191-0F0C3D153431}"
EndProject
Project("{FAE04EC0-301F-11D3-BF4B-00C04F79EFBC}") = "4_5_GetSection", "4_5_GetSection\4_5_GetSection.csproj", "{FAB089BE-F1C3-4C81-9A0A-AA1DDA6C4C0E}"
EndProject
Project("{FAE04EC0-301F-11D3-BF4B-00C04F79EFBC}") = "4_5_MyConfigSection", "4_5_MyConfigSection\4_5_MyConfigSection.csproj", "{B7390CA5-408A-4222-95D5-C0097013F16D}"
EndProject
Project("{FAE04EC0-301F-11D3-BF4B-00C04F79EFBC}") = "5_1_ViewState", "5_1_ViewState\5_1_ViewState.csproj", "{F95E8CC7-7C5B-4AB4-A300-25405B27FF1B}"
EndProject
Project("{FAE04EC0-301F-11D3-BF4B-00C04F79EFBC}") = "5_2", "5_2\5_2.csproj", "{BCE447C4-0BDA-4BA9-9B2C-4FA2F39AD119}"
EndProject
Project("{FAE04EC0-301F-11D3-BF4B-00C04F79EFBC}") = "5_3Cookies", "5_3Cookies\5_3Cookies.csproj", "{D1177726-9E35-4B69-8073-E9F29E1BFF81}"
EndProject
Project("{FAE04EC0-301F-11D3-BF4B-00C04F79EFBC}") = "6_2", "6_2\6_2.csproj", "{E837A916-DBCE-4D20-BD7A-6D7676039FCD}"
EndProject
Project("{FAE04EC0-301F-11D3-BF4B-00C04F79EFBC}") = "6_2_Console", "6_2_Console\6_2_Console.csproj", "{B4468230-F187-40B8-B712-0B7A705D65E1}"
EndProject
Project("{FAE04EC0-301F-11D3-BF4B-00C04F79EFBC}") = "6_2_three_table", "6_2_three_table\6_2_three_table.csproj", "{56CA9F0C-312D-4ECF-BE35-9A60ACA3DA37}"
EndProject
Project("{FAE04EC0-301F-11D3-BF4B-00C04F79EFBC}") = "6_3", "6_3\6_3.csproj", "{2514BD6B-DEBF-4085-94A9-144CD67F123D}"
EndProject
Project("{FAE04EC0-301F-11D3-BF4B-00C04F79EFBC}") = "6_3_Procedure", "6_3_Procedure\6_3_Procedure.csproj", "{F0028A04-8482-4D9A-B332-360BBE6A9D4F}"
EndProject
Project("{FAE04EC0-301F-11D3-BF4B-00C04F79EFBC}") = "6_7_DataSet", "6_7_DataSet\6_7_DataSet.csproj", "{3EF1AA26-B1B8-443E-AB9A-A6E291E4B492}"
EndProject
Project("{FAE04EC0-301F-11D3-BF4B-00C04F79EFBC}") = "6_8_DataView_Relation_Filter", "6_8_DataView_Relation_Filter\6_8_DataView_Relation_Filter.csproj", "{227FF162-BF31-4608-A2F3-A1D016A6393F}"
EndProject
Project("{FAE04EC0-301F-11D3-BF4B-00C04F79EFBC}") = "7_1_1", "7_1_1\7_1_1.csproj", "{13FAD45F-84FB-4D46-8639-222F64B84234}"
EndProject
Project("{FAE04EC0-301F-11D3-BF4B-00C04F79EFBC}") = "7_1_2HashTable", "7_1_2HashTable\7_1_2HashTable.csproj", "{B050E734-6925-4185-94EB-0C81A082CF8A}"
EndProject
Project("{FAE04EC0-301F-11D3-BF4B-00C04F79EFBC}") = "7_2_1_SqlDataSource_Select", "7_2_1_SqlDataSource_Select\7_2_1_SqlDataSource_Select.csproj", "{CC436FEA-97D7-41B4-B6C1-012B4272503C}"
EndProject
Project("{FAE04EC0-301F-11D3-BF4B-00C04F79EFBC}") = "7_2_2Parameters", "7_2_2Parameters\7_2_2Parameters.csproj", "{F14549A3-8761-456F-BF78-EE8A120E2579}"
EndProject
Project("{FAE04EC0-301F-11D3-BF4B-00C04F79EFBC}") = "7_2_3Update", "7_2_3Update\7_2_3Update.csproj", "{71FF8DCE-231B-4BAA-B5F1-571FA5984367}"
EndProject
Project("{FAE04EC0-301F-11D3-BF4B-00C04F79EFBC}") = "6_6_Lib", "6_6_Lib\6_6_Lib.csproj", "{4FE2FD6A-E876-4CD0-B587-E99D833EE67F}"
EndProject
Project("{FAE04EC0-301F-11D3-BF4B-00C04F79EFBC}") = "7_3", "7_3\7_3.csproj", "{9CAC2D6A-E777-4C3C-86AA-0AB225709347}"
EndProject
Project("{FAE04EC0-301F-11D3-BF4B-00C04F79EFBC}") = "7_4_1", "7_4_1\7_4_1.csproj", "{B4FEA00C-850D-4244-B207-1E8526C68214}"
EndProject
Project("{FAE04EC0-301F-11D3-BF4B-00C04F79EFBC}") = "7_4_2", "7_4_2\7_4_2.csproj", "{304F6868-C53A-4F54-8F2D-0DD354ADBE20}"
EndProject
Project("{FAE04EC0-301F-11D3-BF4B-00C04F79EFBC}") = "7_5", "7_5\7_5.csproj", "{3D8F51D4-39D7-4C6E-8EAB-D56D0EF1A64F}"
EndProject
Project("{FAE04EC0-301F-11D3-BF4B-00C04F79EFBC}") = "7_6", "7_6\7_6.csproj", "{4BDE2421-70E6-41E3-B227-FA79E82CB4B0}"
EndProject
Project("{FAE04EC0-301F-11D3-BF4B-00C04F79EFBC}") = "7_7_init", "7_7_init\7_7_init.csproj", "{F9A1FB97-C118-43BD-8D7D-6675E7904EDC}"
EndProject
Project("{FAE04EC0-301F-11D3-BF4B-00C04F79EFBC}") = "7_7_ObjectDataSource", "7_7_ObjectDataSource\7_7_ObjectDataSource.csproj", "{4C5D83C6-286B-4166-AFB3-B48D1A19F495}"
EndProject
Project("{FAE04EC0-301F-11D3-BF4B-00C04F79EFBC}") = "7_8_1", "7_8_1\7_8_1.csproj", "{3B23F01D-87D1-4691-9EC4-0B9DC40BA943}"
EndProject
Project("{FAE04EC0-301F-11D3-BF4B-00C04F79EFBC}") = "7_8_2", "7_8_2\7_8_2.csproj", "{1C684C0C-5575-444C-85C3-87D38A784342}"
EndProject
Global
	GlobalSection(SolutionConfigurationPlatforms) = preSolution
		Debug|Any CPU = Debug|Any CPU
		Release|Any CPU = Release|Any CPU
	EndGlobalSection
	GlobalSection(ProjectConfigurationPlatforms) = postSolution
		{620812C8-DB5E-40AE-8564-CEF04C4F6E21}.Debug|Any CPU.ActiveCfg = Debug|Any CPU
		{620812C8-DB5E-40AE-8564-CEF04C4F6E21}.Debug|Any CPU.Build.0 = Debug|Any CPU
		{620812C8-DB5E-40AE-8564-CEF04C4F6E21}.Release|Any CPU.ActiveCfg = Debug|Any CPU
		{620812C8-DB5E-40AE-8564-CEF04C4F6E21}.Release|Any CPU.Build.0 = Debug|Any CPU
		{5C71879C-0BF6-42ED-ADB5-6C8426480C39}.Debug|Any CPU.ActiveCfg = Debug|Any CPU
		{5C71879C-0BF6-42ED-ADB5-6C8426480C39}.Debug|Any CPU.Build.0 = Debug|Any CPU
		{5C71879C-0BF6-42ED-ADB5-6C8426480C39}.Release|Any CPU.ActiveCfg = Release|Any CPU
		{5C71879C-0BF6-42ED-ADB5-6C8426480C39}.Release|Any CPU.Build.0 = Release|Any CPU
		{EDEC39DF-5486-4DD1-85EC-645803D9910D}.Debug|Any CPU.ActiveCfg = Debug|Any CPU
		{EDEC39DF-5486-4DD1-85EC-645803D9910D}.Debug|Any CPU.Build.0 = Debug|Any CPU
		{EDEC39DF-5486-4DD1-85EC-645803D9910D}.Release|Any CPU.ActiveCfg = Release|Any CPU
		{EDEC39DF-5486-4DD1-85EC-645803D9910D}.Release|Any CPU.Build.0 = Release|Any CPU
		{496C9AFD-37EB-48CD-A923-48F664790FC3}.Debug|Any CPU.ActiveCfg = Debug|Any CPU
		{496C9AFD-37EB-48CD-A923-48F664790FC3}.Debug|Any CPU.Build.0 = Debug|Any CPU
		{496C9AFD-37EB-48CD-A923-48F664790FC3}.Release|Any CPU.ActiveCfg = Release|Any CPU
		{496C9AFD-37EB-48CD-A923-48F664790FC3}.Release|Any CPU.Build.0 = Release|Any CPU
		{B10651D9-3F5C-4606-B2CE-056BB7FC09CD}.Debug|Any CPU.ActiveCfg = Debug|Any CPU
		{B10651D9-3F5C-4606-B2CE-056BB7FC09CD}.Debug|Any CPU.Build.0 = Debug|Any CPU
		{B10651D9-3F5C-4606-B2CE-056BB7FC09CD}.Release|Any CPU.ActiveCfg = Release|Any CPU
		{B10651D9-3F5C-4606-B2CE-056BB7FC09CD}.Release|Any CPU.Build.0 = Release|Any CPU
		{FEE1082E-4349-4753-82FB-43831E8F780D}.Debug|Any CPU.ActiveCfg = Debug|Any CPU
		{FEE1082E-4349-4753-82FB-43831E8F780D}.Debug|Any CPU.Build.0 = Debug|Any CPU
		{FEE1082E-4349-4753-82FB-43831E8F780D}.Release|Any CPU.ActiveCfg = Release|Any CPU
		{FEE1082E-4349-4753-82FB-43831E8F780D}.Release|Any CPU.Build.0 = Release|Any CPU
		{796054DF-1B68-4747-8873-9D77F1E55DB0}.Debug|Any CPU.ActiveCfg = Debug|Any CPU
		{796054DF-1B68-4747-8873-9D77F1E55DB0}.Debug|Any CPU.Build.0 = Debug|Any CPU
		{796054DF-1B68-4747-8873-9D77F1E55DB0}.Release|Any CPU.ActiveCfg = Release|Any CPU
		{796054DF-1B68-4747-8873-9D77F1E55DB0}.Release|Any CPU.Build.0 = Release|Any CPU
		{41FDB887-5FA4-4E16-906B-69A4AEAC648F}.Debug|Any CPU.ActiveCfg = Debug|Any CPU
		{41FDB887-5FA4-4E16-906B-69A4AEAC648F}.Debug|Any CPU.Build.0 = Debug|Any CPU
		{41FDB887-5FA4-4E16-906B-69A4AEAC648F}.Release|Any CPU.ActiveCfg = Release|Any CPU
		{41FDB887-5FA4-4E16-906B-69A4AEAC648F}.Release|Any CPU.Build.0 = Release|Any CPU
		{04D044F0-1EE3-4FBB-B5C6-B2910707DF1A}.Debug|Any CPU.ActiveCfg = Debug|Any CPU
		{04D044F0-1EE3-4FBB-B5C6-B2910707DF1A}.Debug|Any CPU.Build.0 = Debug|Any CPU
		{04D044F0-1EE3-4FBB-B5C6-B2910707DF1A}.Release|Any CPU.ActiveCfg = Release|Any CPU
		{04D044F0-1EE3-4FBB-B5C6-B2910707DF1A}.Release|Any CPU.Build.0 = Release|Any CPU
		{B54D886C-873B-4E19-A738-FC2E5BE27C83}.Debug|Any CPU.ActiveCfg = Debug|Any CPU
		{B54D886C-873B-4E19-A738-FC2E5BE27C83}.Debug|Any CPU.Build.0 = Debug|Any CPU
		{B54D886C-873B-4E19-A738-FC2E5BE27C83}.Release|Any CPU.ActiveCfg = Release|Any CPU
		{B54D886C-873B-4E19-A738-FC2E5BE27C83}.Release|Any CPU.Build.0 = Release|Any CPU
		{D143D2F5-C0EB-430C-A2F7-975A653BE666}.Debug|Any CPU.ActiveCfg = Debug|Any CPU
		{D143D2F5-C0EB-430C-A2F7-975A653BE666}.Debug|Any CPU.Build.0 = Debug|Any CPU
		{D143D2F5-C0EB-430C-A2F7-975A653BE666}.Release|Any CPU.ActiveCfg = Release|Any CPU
		{D143D2F5-C0EB-430C-A2F7-975A653BE666}.Release|Any CPU.Build.0 = Release|Any CPU
		{BD1D60B0-170F-4112-82D2-9736C48CF1E7}.Debug|Any CPU.ActiveCfg = Debug|Any CPU
		{BD1D60B0-170F-4112-82D2-9736C48CF1E7}.Debug|Any CPU.Build.0 = Debug|Any CPU
		{BD1D60B0-170F-4112-82D2-9736C48CF1E7}.Release|Any CPU.ActiveCfg = Release|Any CPU
		{BD1D60B0-170F-4112-82D2-9736C48CF1E7}.Release|Any CPU.Build.0 = Release|Any CPU
		{225BE1C7-523B-48DE-8FB6-17C1B11EC360}.Debug|Any CPU.ActiveCfg = Debug|Any CPU
		{225BE1C7-523B-48DE-8FB6-17C1B11EC360}.Debug|Any CPU.Build.0 = Debug|Any CPU
		{225BE1C7-523B-48DE-8FB6-17C1B11EC360}.Release|Any CPU.ActiveCfg = Release|Any CPU
		{225BE1C7-523B-48DE-8FB6-17C1B11EC360}.Release|Any CPU.Build.0 = Release|Any CPU
		{34C74AC6-54CF-4990-AFD1-CE5D7A99CBF8}.Debug|Any CPU.ActiveCfg = Debug|Any CPU
		{34C74AC6-54CF-4990-AFD1-CE5D7A99CBF8}.Debug|Any CPU.Build.0 = Debug|Any CPU
		{34C74AC6-54CF-4990-AFD1-CE5D7A99CBF8}.Release|Any CPU.ActiveCfg = Release|Any CPU
		{34C74AC6-54CF-4990-AFD1-CE5D7A99CBF8}.Release|Any CPU.Build.0 = Release|Any CPU
		{2EAEA113-5776-44E9-B191-0F0C3D153431}.Debug|Any CPU.ActiveCfg = Debug|Any CPU
		{2EAEA113-5776-44E9-B191-0F0C3D153431}.Debug|Any CPU.Build.0 = Debug|Any CPU
		{2EAEA113-5776-44E9-B191-0F0C3D153431}.Release|Any CPU.ActiveCfg = Release|Any CPU
		{2EAEA113-5776-44E9-B191-0F0C3D153431}.Release|Any CPU.Build.0 = Release|Any CPU
		{FAB089BE-F1C3-4C81-9A0A-AA1DDA6C4C0E}.Debug|Any CPU.ActiveCfg = Debug|Any CPU
		{FAB089BE-F1C3-4C81-9A0A-AA1DDA6C4C0E}.Debug|Any CPU.Build.0 = Debug|Any CPU
		{FAB089BE-F1C3-4C81-9A0A-AA1DDA6C4C0E}.Release|Any CPU.ActiveCfg = Release|Any CPU
		{FAB089BE-F1C3-4C81-9A0A-AA1DDA6C4C0E}.Release|Any CPU.Build.0 = Release|Any CPU
		{B7390CA5-408A-4222-95D5-C0097013F16D}.Debug|Any CPU.ActiveCfg = Debug|Any CPU
		{B7390CA5-408A-4222-95D5-C0097013F16D}.Debug|Any CPU.Build.0 = Debug|Any CPU
		{B7390CA5-408A-4222-95D5-C0097013F16D}.Release|Any CPU.ActiveCfg = Release|Any CPU
		{B7390CA5-408A-4222-95D5-C0097013F16D}.Release|Any CPU.Build.0 = Release|Any CPU
		{F95E8CC7-7C5B-4AB4-A300-25405B27FF1B}.Debug|Any CPU.ActiveCfg = Debug|Any CPU
		{F95E8CC7-7C5B-4AB4-A300-25405B27FF1B}.Debug|Any CPU.Build.0 = Debug|Any CPU
		{F95E8CC7-7C5B-4AB4-A300-25405B27FF1B}.Release|Any CPU.ActiveCfg = Release|Any CPU
		{F95E8CC7-7C5B-4AB4-A300-25405B27FF1B}.Release|Any CPU.Build.0 = Release|Any CPU
		{BCE447C4-0BDA-4BA9-9B2C-4FA2F39AD119}.Debug|Any CPU.ActiveCfg = Debug|Any CPU
		{BCE447C4-0BDA-4BA9-9B2C-4FA2F39AD119}.Debug|Any CPU.Build.0 = Debug|Any CPU
		{BCE447C4-0BDA-4BA9-9B2C-4FA2F39AD119}.Release|Any CPU.ActiveCfg = Release|Any CPU
		{BCE447C4-0BDA-4BA9-9B2C-4FA2F39AD119}.Release|Any CPU.Build.0 = Release|Any CPU
		{D1177726-9E35-4B69-8073-E9F29E1BFF81}.Debug|Any CPU.ActiveCfg = Debug|Any CPU
		{D1177726-9E35-4B69-8073-E9F29E1BFF81}.Debug|Any CPU.Build.0 = Debug|Any CPU
		{D1177726-9E35-4B69-8073-E9F29E1BFF81}.Release|Any CPU.ActiveCfg = Release|Any CPU
		{D1177726-9E35-4B69-8073-E9F29E1BFF81}.Release|Any CPU.Build.0 = Release|Any CPU
		{E837A916-DBCE-4D20-BD7A-6D7676039FCD}.Debug|Any CPU.ActiveCfg = Debug|Any CPU
		{E837A916-DBCE-4D20-BD7A-6D7676039FCD}.Debug|Any CPU.Build.0 = Debug|Any CPU
		{E837A916-DBCE-4D20-BD7A-6D7676039FCD}.Release|Any CPU.ActiveCfg = Release|Any CPU
		{E837A916-DBCE-4D20-BD7A-6D7676039FCD}.Release|Any CPU.Build.0 = Release|Any CPU
		{B4468230-F187-40B8-B712-0B7A705D65E1}.Debug|Any CPU.ActiveCfg = Debug|Any CPU
		{B4468230-F187-40B8-B712-0B7A705D65E1}.Debug|Any CPU.Build.0 = Debug|Any CPU
		{B4468230-F187-40B8-B712-0B7A705D65E1}.Release|Any CPU.ActiveCfg = Release|Any CPU
		{B4468230-F187-40B8-B712-0B7A705D65E1}.Release|Any CPU.Build.0 = Release|Any CPU
		{56CA9F0C-312D-4ECF-BE35-9A60ACA3DA37}.Debug|Any CPU.ActiveCfg = Debug|Any CPU
		{56CA9F0C-312D-4ECF-BE35-9A60ACA3DA37}.Debug|Any CPU.Build.0 = Debug|Any CPU
		{56CA9F0C-312D-4ECF-BE35-9A60ACA3DA37}.Release|Any CPU.ActiveCfg = Release|Any CPU
		{56CA9F0C-312D-4ECF-BE35-9A60ACA3DA37}.Release|Any CPU.Build.0 = Release|Any CPU
		{2514BD6B-DEBF-4085-94A9-144CD67F123D}.Debug|Any CPU.ActiveCfg = Debug|Any CPU
		{2514BD6B-DEBF-4085-94A9-144CD67F123D}.Debug|Any CPU.Build.0 = Debug|Any CPU
		{2514BD6B-DEBF-4085-94A9-144CD67F123D}.Release|Any CPU.ActiveCfg = Release|Any CPU
		{2514BD6B-DEBF-4085-94A9-144CD67F123D}.Release|Any CPU.Build.0 = Release|Any CPU
		{F0028A04-8482-4D9A-B332-360BBE6A9D4F}.Debug|Any CPU.ActiveCfg = Debug|Any CPU
		{F0028A04-8482-4D9A-B332-360BBE6A9D4F}.Debug|Any CPU.Build.0 = Debug|Any CPU
		{F0028A04-8482-4D9A-B332-360BBE6A9D4F}.Release|Any CPU.ActiveCfg = Release|Any CPU
		{F0028A04-8482-4D9A-B332-360BBE6A9D4F}.Release|Any CPU.Build.0 = Release|Any CPU
		{3EF1AA26-B1B8-443E-AB9A-A6E291E4B492}.Debug|Any CPU.ActiveCfg = Debug|Any CPU
		{3EF1AA26-B1B8-443E-AB9A-A6E291E4B492}.Debug|Any CPU.Build.0 = Debug|Any CPU
		{3EF1AA26-B1B8-443E-AB9A-A6E291E4B492}.Release|Any CPU.ActiveCfg = Release|Any CPU
		{3EF1AA26-B1B8-443E-AB9A-A6E291E4B492}.Release|Any CPU.Build.0 = Release|Any CPU
		{227FF162-BF31-4608-A2F3-A1D016A6393F}.Debug|Any CPU.ActiveCfg = Debug|Any CPU
		{227FF162-BF31-4608-A2F3-A1D016A6393F}.Debug|Any CPU.Build.0 = Debug|Any CPU
		{227FF162-BF31-4608-A2F3-A1D016A6393F}.Release|Any CPU.ActiveCfg = Release|Any CPU
		{227FF162-BF31-4608-A2F3-A1D016A6393F}.Release|Any CPU.Build.0 = Release|Any CPU
		{13FAD45F-84FB-4D46-8639-222F64B84234}.Debug|Any CPU.ActiveCfg = Debug|Any CPU
		{13FAD45F-84FB-4D46-8639-222F64B84234}.Debug|Any CPU.Build.0 = Debug|Any CPU
		{13FAD45F-84FB-4D46-8639-222F64B84234}.Release|Any CPU.ActiveCfg = Release|Any CPU
		{13FAD45F-84FB-4D46-8639-222F64B84234}.Release|Any CPU.Build.0 = Release|Any CPU
		{B050E734-6925-4185-94EB-0C81A082CF8A}.Debug|Any CPU.ActiveCfg = Debug|Any CPU
		{B050E734-6925-4185-94EB-0C81A082CF8A}.Debug|Any CPU.Build.0 = Debug|Any CPU
		{B050E734-6925-4185-94EB-0C81A082CF8A}.Release|Any CPU.ActiveCfg = Release|Any CPU
		{B050E734-6925-4185-94EB-0C81A082CF8A}.Release|Any CPU.Build.0 = Release|Any CPU
		{CC436FEA-97D7-41B4-B6C1-012B4272503C}.Debug|Any CPU.ActiveCfg = Debug|Any CPU
		{CC436FEA-97D7-41B4-B6C1-012B4272503C}.Debug|Any CPU.Build.0 = Debug|Any CPU
		{CC436FEA-97D7-41B4-B6C1-012B4272503C}.Release|Any CPU.ActiveCfg = Release|Any CPU
		{CC436FEA-97D7-41B4-B6C1-012B4272503C}.Release|Any CPU.Build.0 = Release|Any CPU
		{F14549A3-8761-456F-BF78-EE8A120E2579}.Debug|Any CPU.ActiveCfg = Debug|Any CPU
		{F14549A3-8761-456F-BF78-EE8A120E2579}.Debug|Any CPU.Build.0 = Debug|Any CPU
		{F14549A3-8761-456F-BF78-EE8A120E2579}.Release|Any CPU.ActiveCfg = Release|Any CPU
		{F14549A3-8761-456F-BF78-EE8A120E2579}.Release|Any CPU.Build.0 = Release|Any CPU
		{71FF8DCE-231B-4BAA-B5F1-571FA5984367}.Debug|Any CPU.ActiveCfg = Debug|Any CPU
		{71FF8DCE-231B-4BAA-B5F1-571FA5984367}.Debug|Any CPU.Build.0 = Debug|Any CPU
		{71FF8DCE-231B-4BAA-B5F1-571FA5984367}.Release|Any CPU.ActiveCfg = Release|Any CPU
		{71FF8DCE-231B-4BAA-B5F1-571FA5984367}.Release|Any CPU.Build.0 = Release|Any CPU
		{4FE2FD6A-E876-4CD0-B587-E99D833EE67F}.Debug|Any CPU.ActiveCfg = Debug|Any CPU
		{4FE2FD6A-E876-4CD0-B587-E99D833EE67F}.Debug|Any CPU.Build.0 = Debug|Any CPU
		{4FE2FD6A-E876-4CD0-B587-E99D833EE67F}.Release|Any CPU.ActiveCfg = Release|Any CPU
		{4FE2FD6A-E876-4CD0-B587-E99D833EE67F}.Release|Any CPU.Build.0 = Release|Any CPU
		{9CAC2D6A-E777-4C3C-86AA-0AB225709347}.Debug|Any CPU.ActiveCfg = Debug|Any CPU
		{9CAC2D6A-E777-4C3C-86AA-0AB225709347}.Debug|Any CPU.Build.0 = Debug|Any CPU
		{9CAC2D6A-E777-4C3C-86AA-0AB225709347}.Release|Any CPU.ActiveCfg = Release|Any CPU
		{9CAC2D6A-E777-4C3C-86AA-0AB225709347}.Release|Any CPU.Build.0 = Release|Any CPU
		{B4FEA00C-850D-4244-B207-1E8526C68214}.Debug|Any CPU.ActiveCfg = Debug|Any CPU
		{B4FEA00C-850D-4244-B207-1E8526C68214}.Debug|Any CPU.Build.0 = Debug|Any CPU
		{B4FEA00C-850D-4244-B207-1E8526C68214}.Release|Any CPU.ActiveCfg = Release|Any CPU
		{B4FEA00C-850D-4244-B207-1E8526C68214}.Release|Any CPU.Build.0 = Release|Any CPU
		{304F6868-C53A-4F54-8F2D-0DD354ADBE20}.Debug|Any CPU.ActiveCfg = Debug|Any CPU
		{304F6868-C53A-4F54-8F2D-0DD354ADBE20}.Debug|Any CPU.Build.0 = Debug|Any CPU
		{304F6868-C53A-4F54-8F2D-0DD354ADBE20}.Release|Any CPU.ActiveCfg = Release|Any CPU
		{304F6868-C53A-4F54-8F2D-0DD354ADBE20}.Release|Any CPU.Build.0 = Release|Any CPU
		{3D8F51D4-39D7-4C6E-8EAB-D56D0EF1A64F}.Debug|Any CPU.ActiveCfg = Debug|Any CPU
		{3D8F51D4-39D7-4C6E-8EAB-D56D0EF1A64F}.Debug|Any CPU.Build.0 = Debug|Any CPU
		{3D8F51D4-39D7-4C6E-8EAB-D56D0EF1A64F}.Release|Any CPU.ActiveCfg = Release|Any CPU
		{3D8F51D4-39D7-4C6E-8EAB-D56D0EF1A64F}.Release|Any CPU.Build.0 = Release|Any CPU
		{4BDE2421-70E6-41E3-B227-FA79E82CB4B0}.Debug|Any CPU.ActiveCfg = Debug|Any CPU
		{4BDE2421-70E6-41E3-B227-FA79E82CB4B0}.Debug|Any CPU.Build.0 = Debug|Any CPU
		{4BDE2421-70E6-41E3-B227-FA79E82CB4B0}.Release|Any CPU.ActiveCfg = Release|Any CPU
		{4BDE2421-70E6-41E3-B227-FA79E82CB4B0}.Release|Any CPU.Build.0 = Release|Any CPU
		{F9A1FB97-C118-43BD-8D7D-6675E7904EDC}.Debug|Any CPU.ActiveCfg = Debug|Any CPU
		{F9A1FB97-C118-43BD-8D7D-6675E7904EDC}.Debug|Any CPU.Build.0 = Debug|Any CPU
		{F9A1FB97-C118-43BD-8D7D-6675E7904EDC}.Release|Any CPU.ActiveCfg = Release|Any CPU
		{F9A1FB97-C118-43BD-8D7D-6675E7904EDC}.Release|Any CPU.Build.0 = Release|Any CPU
		{4C5D83C6-286B-4166-AFB3-B48D1A19F495}.Debug|Any CPU.ActiveCfg = Debug|Any CPU
		{4C5D83C6-286B-4166-AFB3-B48D1A19F495}.Debug|Any CPU.Build.0 = Debug|Any CPU
		{4C5D83C6-286B-4166-AFB3-B48D1A19F495}.Release|Any CPU.ActiveCfg = Release|Any CPU
		{4C5D83C6-286B-4166-AFB3-B48D1A19F495}.Release|Any CPU.Build.0 = Release|Any CPU
		{3B23F01D-87D1-4691-9EC4-0B9DC40BA943}.Debug|Any CPU.ActiveCfg = Debug|Any CPU
		{3B23F01D-87D1-4691-9EC4-0B9DC40BA943}.Debug|Any CPU.Build.0 = Debug|Any CPU
		{3B23F01D-87D1-4691-9EC4-0B9DC40BA943}.Release|Any CPU.ActiveCfg = Release|Any CPU
		{3B23F01D-87D1-4691-9EC4-0B9DC40BA943}.Release|Any CPU.Build.0 = Release|Any CPU
		{1C684C0C-5575-444C-85C3-87D38A784342}.Debug|Any CPU.ActiveCfg = Debug|Any CPU
		{1C684C0C-5575-444C-85C3-87D38A784342}.Debug|Any CPU.Build.0 = Debug|Any CPU
		{1C684C0C-5575-444C-85C3-87D38A784342}.Release|Any CPU.ActiveCfg = Release|Any CPU
		{1C684C0C-5575-444C-85C3-87D38A784342}.Release|Any CPU.Build.0 = Release|Any CPU
	EndGlobalSection
	GlobalSection(SolutionProperties) = preSolution
		HideSolutionNode = FALSE
	EndGlobalSection
	GlobalSection(ExtensibilityGlobals) = postSolution
		SolutionGuid = {A8B81F57-2AC0-4263-8A28-4CF6C3A24568}
	EndGlobalSection
EndGlobal
