
Microsoft Visual Studio Solution File, Format Version 12.00
# Visual Studio 15
VisualStudioVersion = 15.0.27130.2024
MinimumVisualStudioVersion = 10.0.40219.1
Project("{E24C65DC-7377-472B-9ABA-BC803B73C61A}") = "1_3", "1_3\", "{620812C8-DB5E-40AE-8564-CEF04C4F6E21}"
	ProjectSection(WebsiteProperties) = preProject
		TargetFrameworkMoniker = ".NETFramework,Version%3Dv4.6.1"
		Debug.AspNetCompiler.VirtualPath = "/localhost_19408"
		Debug.AspNetCompiler.PhysicalPath = "1_3\"
		Debug.AspNetCompiler.TargetPath = "PrecompiledWeb\localhost_19408\"
		Debug.AspNetCompiler.Updateable = "true"
		Debug.AspNetCompiler.ForceOverwrite = "true"
		Debug.AspNetCompiler.FixedNames = "false"
		Debug.AspNetCompiler.Debug = "True"
		Release.AspNetCompiler.VirtualPath = "/localhost_19408"
		Release.AspNetCompiler.PhysicalPath = "1_3\"
		Release.AspNetCompiler.TargetPath = "PrecompiledWeb\localhost_19408\"
		Release.AspNetCompiler.Updateable = "true"
		Release.AspNetCompiler.ForceOverwrite = "true"
		Release.AspNetCompiler.FixedNames = "false"
		Release.AspNetCompiler.Debug = "False"
		VWDPort = "19408"
		SlnRelativePath = "1_3\"
		DefaultWebSiteLanguage = "Visual C#"
	EndProjectSection
EndProject
Project("{FAE04EC0-301F-11D3-BF4B-00C04F79EFBC}") = "1_8", "1_8\1_8.csproj", "{5C71879C-0BF6-42ED-ADB5-6C8426480C39}"
EndProject
Project("{FAE04EC0-301F-11D3-BF4B-00C04F79EFBC}") = "2_2", "2_2\2_2.csproj", "{EDEC39DF-5486-4DD1-85EC-645803D9910D}"
EndProject
Global
	GlobalSection(SolutionConfigurationPlatforms) = preSolution
		Debug|Any CPU = Debug|Any CPU
		Release|Any CPU = Release|Any CPU
	EndGlobalSection
	GlobalSection(ProjectConfigurationPlatforms) = postSolution
		{620812C8-DB5E-40AE-8564-CEF04C4F6E21}.Debug|Any CPU.ActiveCfg = Debug|Any CPU
		{620812C8-DB5E-40AE-8564-CEF04C4F6E21}.Debug|Any CPU.Build.0 = Debug|Any CPU
		{620812C8-DB5E-40AE-8564-CEF04C4F6E21}.Release|Any CPU.ActiveCfg = Debug|Any CPU
		{620812C8-DB5E-40AE-8564-CEF04C4F6E21}.Release|Any CPU.Build.0 = Debug|Any CPU
		{5C71879C-0BF6-42ED-ADB5-6C8426480C39}.Debug|Any CPU.ActiveCfg = Debug|Any CPU
		{5C71879C-0BF6-42ED-ADB5-6C8426480C39}.Debug|Any CPU.Build.0 = Debug|Any CPU
		{5C71879C-0BF6-42ED-ADB5-6C8426480C39}.Release|Any CPU.ActiveCfg = Release|Any CPU
		{5C71879C-0BF6-42ED-ADB5-6C8426480C39}.Release|Any CPU.Build.0 = Release|Any CPU
		{EDEC39DF-5486-4DD1-85EC-645803D9910D}.Debug|Any CPU.ActiveCfg = Debug|Any CPU
		{EDEC39DF-5486-4DD1-85EC-645803D9910D}.Debug|Any CPU.Build.0 = Debug|Any CPU
		{EDEC39DF-5486-4DD1-85EC-645803D9910D}.Release|Any CPU.ActiveCfg = Release|Any CPU
		{EDEC39DF-5486-4DD1-85EC-645803D9910D}.Release|Any CPU.Build.0 = Release|Any CPU
	EndGlobalSection
	GlobalSection(SolutionProperties) = preSolution
		HideSolutionNode = FALSE
	EndGlobalSection
	GlobalSection(ExtensibilityGlobals) = postSolution
		SolutionGuid = {A8B81F57-2AC0-4263-8A28-4CF6C3A24568}
	EndGlobalSection
EndGlobal
