
Microsoft Visual Studio Solution File, Format Version 12.00
# Visual Studio 15
VisualStudioVersion = 15.0.26730.16
MinimumVisualStudioVersion = 10.0.40219.1
Project("{FAE04EC0-301F-11D3-BF4B-00C04F79EFBC}") = "TestAspNet45", "TestAspNet45\TestAspNet45.csproj", "{AB0A7691-A42F-4722-9763-0DA244BD24AE}"
EndProject
Project("{FAE04EC0-301F-11D3-BF4B-00C04F79EFBC}") = "TestAspNet45MVP1_2_v2", "TestAspNet45MVP1_2_v2\TestAspNet45MVP1_2_v2.csproj", "{7C672DB0-83A1-4633-A8E7-13AD5B37060F}"
EndProject
Project("{FAE04EC0-301F-11D3-BF4B-00C04F79EFBC}") = "TestAspNet45_1_3_v3", "TestAspNet45_1_3_v3\TestAspNet45_1_3_v3.csproj", "{E4B0A9C5-03C5-4E34-92D2-094B1EB59238}"
EndProject
Project("{FAE04EC0-301F-11D3-BF4B-00C04F79EFBC}") = "2_1", "2_1\2_1.csproj", "{779157F0-A605-44E6-B45C-E0AD361BDD84}"
EndProject
Project("{FAE04EC0-301F-11D3-BF4B-00C04F79EFBC}") = "2_2__2_3", "2_2\2_2__2_3.csproj", "{3A01048F-DAA7-447A-B570-689B4024F1D7}"
EndProject
Project("{FAE04EC0-301F-11D3-BF4B-00C04F79EFBC}") = "2_4", "2_4\2_4.csproj", "{540CB205-6BE7-429F-8621-E488CF398529}"
EndProject
Project("{FAE04EC0-301F-11D3-BF4B-00C04F79EFBC}") = "2_4_1", "2_4_1\2_4_1.csproj", "{1A0865C8-F603-4809-A73F-B3E08270F066}"
EndProject
Project("{FAE04EC0-301F-11D3-BF4B-00C04F79EFBC}") = "3_1PathsAndURLs", "3_1PathsAndURLs\3_1PathsAndURLs.csproj", "{0187DD04-53B1-416B-8696-1D66B0F956E0}"
EndProject
Global
	GlobalSection(SolutionConfigurationPlatforms) = preSolution
		Debug|Any CPU = Debug|Any CPU
		Release|Any CPU = Release|Any CPU
	EndGlobalSection
	GlobalSection(ProjectConfigurationPlatforms) = postSolution
		{AB0A7691-A42F-4722-9763-0DA244BD24AE}.Debug|Any CPU.ActiveCfg = Debug|Any CPU
		{AB0A7691-A42F-4722-9763-0DA244BD24AE}.Debug|Any CPU.Build.0 = Debug|Any CPU
		{AB0A7691-A42F-4722-9763-0DA244BD24AE}.Release|Any CPU.ActiveCfg = Release|Any CPU
		{AB0A7691-A42F-4722-9763-0DA244BD24AE}.Release|Any CPU.Build.0 = Release|Any CPU
		{7C672DB0-83A1-4633-A8E7-13AD5B37060F}.Debug|Any CPU.ActiveCfg = Debug|Any CPU
		{7C672DB0-83A1-4633-A8E7-13AD5B37060F}.Debug|Any CPU.Build.0 = Debug|Any CPU
		{7C672DB0-83A1-4633-A8E7-13AD5B37060F}.Release|Any CPU.ActiveCfg = Release|Any CPU
		{7C672DB0-83A1-4633-A8E7-13AD5B37060F}.Release|Any CPU.Build.0 = Release|Any CPU
		{E4B0A9C5-03C5-4E34-92D2-094B1EB59238}.Debug|Any CPU.ActiveCfg = Debug|Any CPU
		{E4B0A9C5-03C5-4E34-92D2-094B1EB59238}.Debug|Any CPU.Build.0 = Debug|Any CPU
		{E4B0A9C5-03C5-4E34-92D2-094B1EB59238}.Release|Any CPU.ActiveCfg = Release|Any CPU
		{E4B0A9C5-03C5-4E34-92D2-094B1EB59238}.Release|Any CPU.Build.0 = Release|Any CPU
		{779157F0-A605-44E6-B45C-E0AD361BDD84}.Debug|Any CPU.ActiveCfg = Debug|Any CPU
		{779157F0-A605-44E6-B45C-E0AD361BDD84}.Debug|Any CPU.Build.0 = Debug|Any CPU
		{779157F0-A605-44E6-B45C-E0AD361BDD84}.Release|Any CPU.ActiveCfg = Release|Any CPU
		{779157F0-A605-44E6-B45C-E0AD361BDD84}.Release|Any CPU.Build.0 = Release|Any CPU
		{3A01048F-DAA7-447A-B570-689B4024F1D7}.Debug|Any CPU.ActiveCfg = Debug|Any CPU
		{3A01048F-DAA7-447A-B570-689B4024F1D7}.Debug|Any CPU.Build.0 = Debug|Any CPU
		{3A01048F-DAA7-447A-B570-689B4024F1D7}.Release|Any CPU.ActiveCfg = Release|Any CPU
		{3A01048F-DAA7-447A-B570-689B4024F1D7}.Release|Any CPU.Build.0 = Release|Any CPU
		{540CB205-6BE7-429F-8621-E488CF398529}.Debug|Any CPU.ActiveCfg = Debug|Any CPU
		{540CB205-6BE7-429F-8621-E488CF398529}.Debug|Any CPU.Build.0 = Debug|Any CPU
		{540CB205-6BE7-429F-8621-E488CF398529}.Release|Any CPU.ActiveCfg = Release|Any CPU
		{540CB205-6BE7-429F-8621-E488CF398529}.Release|Any CPU.Build.0 = Release|Any CPU
		{1A0865C8-F603-4809-A73F-B3E08270F066}.Debug|Any CPU.ActiveCfg = Debug|Any CPU
		{1A0865C8-F603-4809-A73F-B3E08270F066}.Debug|Any CPU.Build.0 = Debug|Any CPU
		{1A0865C8-F603-4809-A73F-B3E08270F066}.Release|Any CPU.ActiveCfg = Release|Any CPU
		{1A0865C8-F603-4809-A73F-B3E08270F066}.Release|Any CPU.Build.0 = Release|Any CPU
		{0187DD04-53B1-416B-8696-1D66B0F956E0}.Debug|Any CPU.ActiveCfg = Debug|Any CPU
		{0187DD04-53B1-416B-8696-1D66B0F956E0}.Debug|Any CPU.Build.0 = Debug|Any CPU
		{0187DD04-53B1-416B-8696-1D66B0F956E0}.Release|Any CPU.ActiveCfg = Release|Any CPU
		{0187DD04-53B1-416B-8696-1D66B0F956E0}.Release|Any CPU.Build.0 = Release|Any CPU
	EndGlobalSection
	GlobalSection(SolutionProperties) = preSolution
		HideSolutionNode = FALSE
	EndGlobalSection
	GlobalSection(ExtensibilityGlobals) = postSolution
		SolutionGuid = {87F84063-69DB-4BFA-883B-8929C070E171}
	EndGlobalSection
EndGlobal
