
Microsoft Visual Studio Solution File, Format Version 12.00
# Visual Studio 15
VisualStudioVersion = 15.0.26730.16
MinimumVisualStudioVersion = 10.0.40219.1
Project("{FAE04EC0-301F-11D3-BF4B-00C04F79EFBC}") = "1_3_PartyInvites", "PartyInvites\1_3_PartyInvites.csproj", "{E0946172-943A-4F3E-A0AB-694792721C4F}"
EndProject
Project("{FAE04EC0-301F-11D3-BF4B-00C04F79EFBC}") = "WebApplicaion2", "WebApplicaion2\WebApplicaion2.csproj", "{A3402E7A-2C1B-4FA8-A73B-A726A4178252}"
EndProject
Project("{FAE04EC0-301F-11D3-BF4B-00C04F79EFBC}") = "2_1_Razor", "Razor\2_1_Razor.csproj", "{5627C52F-5383-45A0-921B-DF0877DDE62F}"
EndProject
Project("{FAE04EC0-301F-11D3-BF4B-00C04F79EFBC}") = "2_3_EssentialTools", "EssentialTools\2_3_EssentialTools.csproj", "{710FE4C8-7B1A-4D92-9A5C-F800A060201A}"
EndProject
Project("{FAE04EC0-301F-11D3-BF4B-00C04F79EFBC}") = "EssentialTools.Tests", "EssentialTools.Tests\EssentialTools.Tests.csproj", "{AFE3B587-64A2-4ECF-9FCB-FF81AFBEAA03}"
EndProject
Project("{FAE04EC0-301F-11D3-BF4B-00C04F79EFBC}") = "3_1_UrlsAndRoutes", "UrlsAndRoutes\3_1_UrlsAndRoutes.csproj", "{B00365AE-2036-4BF3-A420-78C0ED4E98B4}"
EndProject
Project("{FAE04EC0-301F-11D3-BF4B-00C04F79EFBC}") = "UrlsAndRoutes.Tests", "UrlsAndRoutes.Tests\UrlsAndRoutes.Tests.csproj", "{3E523981-987B-46B7-9ED1-2CE04DFA2E8E}"
EndProject
Project("{FAE04EC0-301F-11D3-BF4B-00C04F79EFBC}") = "4_1_ControllersAndActions", "ControllersAndActions\4_1_ControllersAndActions.csproj", "{732AA672-A34C-4B5E-85CE-A186B9536366}"
EndProject
Project("{FAE04EC0-301F-11D3-BF4B-00C04F79EFBC}") = "ControllersAndActions.Tests", "ControllersAndActions.Tests\ControllersAndActions.Tests.csproj", "{0512DA96-0CBF-4A16-9E3E-26B78E8D159A}"
EndProject
Project("{FAE04EC0-301F-11D3-BF4B-00C04F79EFBC}") = "4_7_ControllerExtensibility", "ControllerExtensibility\4_7_ControllerExtensibility.csproj", "{9712119C-320B-47BB-9D66-78CDA481D3A2}"
EndProject
Project("{FAE04EC0-301F-11D3-BF4B-00C04F79EFBC}") = "4_10_Views", "Views\4_10_Views.csproj", "{27237308-3CBA-443C-A98B-637AB9E678B2}"
EndProject
Project("{FAE04EC0-301F-11D3-BF4B-00C04F79EFBC}") = "4_11_WorkingWithRazor", "WorkingWithRazor\4_11_WorkingWithRazor.csproj", "{0A8AC5D8-2E3C-4570-B120-25BADE73B455}"
EndProject
Global
	GlobalSection(SolutionConfigurationPlatforms) = preSolution
		Debug|Any CPU = Debug|Any CPU
		Release|Any CPU = Release|Any CPU
	EndGlobalSection
	GlobalSection(ProjectConfigurationPlatforms) = postSolution
		{E0946172-943A-4F3E-A0AB-694792721C4F}.Debug|Any CPU.ActiveCfg = Debug|Any CPU
		{E0946172-943A-4F3E-A0AB-694792721C4F}.Debug|Any CPU.Build.0 = Debug|Any CPU
		{E0946172-943A-4F3E-A0AB-694792721C4F}.Release|Any CPU.ActiveCfg = Release|Any CPU
		{E0946172-943A-4F3E-A0AB-694792721C4F}.Release|Any CPU.Build.0 = Release|Any CPU
		{A3402E7A-2C1B-4FA8-A73B-A726A4178252}.Debug|Any CPU.ActiveCfg = Debug|Any CPU
		{A3402E7A-2C1B-4FA8-A73B-A726A4178252}.Debug|Any CPU.Build.0 = Debug|Any CPU
		{A3402E7A-2C1B-4FA8-A73B-A726A4178252}.Release|Any CPU.ActiveCfg = Release|Any CPU
		{A3402E7A-2C1B-4FA8-A73B-A726A4178252}.Release|Any CPU.Build.0 = Release|Any CPU
		{5627C52F-5383-45A0-921B-DF0877DDE62F}.Debug|Any CPU.ActiveCfg = Debug|Any CPU
		{5627C52F-5383-45A0-921B-DF0877DDE62F}.Debug|Any CPU.Build.0 = Debug|Any CPU
		{5627C52F-5383-45A0-921B-DF0877DDE62F}.Release|Any CPU.ActiveCfg = Release|Any CPU
		{5627C52F-5383-45A0-921B-DF0877DDE62F}.Release|Any CPU.Build.0 = Release|Any CPU
		{710FE4C8-7B1A-4D92-9A5C-F800A060201A}.Debug|Any CPU.ActiveCfg = Debug|Any CPU
		{710FE4C8-7B1A-4D92-9A5C-F800A060201A}.Debug|Any CPU.Build.0 = Debug|Any CPU
		{710FE4C8-7B1A-4D92-9A5C-F800A060201A}.Release|Any CPU.ActiveCfg = Release|Any CPU
		{710FE4C8-7B1A-4D92-9A5C-F800A060201A}.Release|Any CPU.Build.0 = Release|Any CPU
		{AFE3B587-64A2-4ECF-9FCB-FF81AFBEAA03}.Debug|Any CPU.ActiveCfg = Debug|Any CPU
		{AFE3B587-64A2-4ECF-9FCB-FF81AFBEAA03}.Debug|Any CPU.Build.0 = Debug|Any CPU
		{AFE3B587-64A2-4ECF-9FCB-FF81AFBEAA03}.Release|Any CPU.ActiveCfg = Release|Any CPU
		{AFE3B587-64A2-4ECF-9FCB-FF81AFBEAA03}.Release|Any CPU.Build.0 = Release|Any CPU
		{B00365AE-2036-4BF3-A420-78C0ED4E98B4}.Debug|Any CPU.ActiveCfg = Debug|Any CPU
		{B00365AE-2036-4BF3-A420-78C0ED4E98B4}.Debug|Any CPU.Build.0 = Debug|Any CPU
		{B00365AE-2036-4BF3-A420-78C0ED4E98B4}.Release|Any CPU.ActiveCfg = Release|Any CPU
		{B00365AE-2036-4BF3-A420-78C0ED4E98B4}.Release|Any CPU.Build.0 = Release|Any CPU
		{3E523981-987B-46B7-9ED1-2CE04DFA2E8E}.Debug|Any CPU.ActiveCfg = Debug|Any CPU
		{3E523981-987B-46B7-9ED1-2CE04DFA2E8E}.Debug|Any CPU.Build.0 = Debug|Any CPU
		{3E523981-987B-46B7-9ED1-2CE04DFA2E8E}.Release|Any CPU.ActiveCfg = Release|Any CPU
		{3E523981-987B-46B7-9ED1-2CE04DFA2E8E}.Release|Any CPU.Build.0 = Release|Any CPU
		{732AA672-A34C-4B5E-85CE-A186B9536366}.Debug|Any CPU.ActiveCfg = Debug|Any CPU
		{732AA672-A34C-4B5E-85CE-A186B9536366}.Debug|Any CPU.Build.0 = Debug|Any CPU
		{732AA672-A34C-4B5E-85CE-A186B9536366}.Release|Any CPU.ActiveCfg = Release|Any CPU
		{732AA672-A34C-4B5E-85CE-A186B9536366}.Release|Any CPU.Build.0 = Release|Any CPU
		{0512DA96-0CBF-4A16-9E3E-26B78E8D159A}.Debug|Any CPU.ActiveCfg = Debug|Any CPU
		{0512DA96-0CBF-4A16-9E3E-26B78E8D159A}.Debug|Any CPU.Build.0 = Debug|Any CPU
		{0512DA96-0CBF-4A16-9E3E-26B78E8D159A}.Release|Any CPU.ActiveCfg = Release|Any CPU
		{0512DA96-0CBF-4A16-9E3E-26B78E8D159A}.Release|Any CPU.Build.0 = Release|Any CPU
		{9712119C-320B-47BB-9D66-78CDA481D3A2}.Debug|Any CPU.ActiveCfg = Debug|Any CPU
		{9712119C-320B-47BB-9D66-78CDA481D3A2}.Debug|Any CPU.Build.0 = Debug|Any CPU
		{9712119C-320B-47BB-9D66-78CDA481D3A2}.Release|Any CPU.ActiveCfg = Release|Any CPU
		{9712119C-320B-47BB-9D66-78CDA481D3A2}.Release|Any CPU.Build.0 = Release|Any CPU
		{27237308-3CBA-443C-A98B-637AB9E678B2}.Debug|Any CPU.ActiveCfg = Debug|Any CPU
		{27237308-3CBA-443C-A98B-637AB9E678B2}.Debug|Any CPU.Build.0 = Debug|Any CPU
		{27237308-3CBA-443C-A98B-637AB9E678B2}.Release|Any CPU.ActiveCfg = Release|Any CPU
		{27237308-3CBA-443C-A98B-637AB9E678B2}.Release|Any CPU.Build.0 = Release|Any CPU
		{0A8AC5D8-2E3C-4570-B120-25BADE73B455}.Debug|Any CPU.ActiveCfg = Debug|Any CPU
		{0A8AC5D8-2E3C-4570-B120-25BADE73B455}.Debug|Any CPU.Build.0 = Debug|Any CPU
		{0A8AC5D8-2E3C-4570-B120-25BADE73B455}.Release|Any CPU.ActiveCfg = Release|Any CPU
		{0A8AC5D8-2E3C-4570-B120-25BADE73B455}.Release|Any CPU.Build.0 = Release|Any CPU
	EndGlobalSection
	GlobalSection(SolutionProperties) = preSolution
		HideSolutionNode = FALSE
	EndGlobalSection
	GlobalSection(ExtensibilityGlobals) = postSolution
		SolutionGuid = {2E378D9D-C3DF-4B1D-A870-8CA2CDA813CC}
	EndGlobalSection
EndGlobal
