
Microsoft Visual Studio Solution File, Format Version 12.00
# Visual Studio 15
VisualStudioVersion = 15.0.27703.2042
MinimumVisualStudioVersion = 10.0.40219.1
Project("{FAE04EC0-301F-11D3-BF4B-00C04F79EFBC}") = "1_1", "1_1\1_1.csproj", "{B4C44B20-D68B-4B79-89A6-B09BC14C5308}"
EndProject
Project("{FAE04EC0-301F-11D3-BF4B-00C04F79EFBC}") = "1_2", "1_2\1_2.csproj", "{6466B663-B842-4A88-B9C2-AF8DBCB6CE6C}"
EndProject
Project("{FAE04EC0-301F-11D3-BF4B-00C04F79EFBC}") = "1_2_2", "1_2_2\1_2_2.csproj", "{AEFF08B5-D2D0-4850-A019-3A41F6EBDA2D}"
EndProject
Project("{FAE04EC0-301F-11D3-BF4B-00C04F79EFBC}") = "1_2_3", "1_2_3\1_2_3.csproj", "{A14A29E6-A533-4432-8D7B-5A56E3B36BC1}"
EndProject
Project("{FAE04EC0-301F-11D3-BF4B-00C04F79EFBC}") = "1_3_2", "1_3_2\1_3_2.csproj", "{4B596409-1AFF-4846-88E3-3D1FF550DC2F}"
EndProject
Project("{FAE04EC0-301F-11D3-BF4B-00C04F79EFBC}") = "1_4_2", "1_4_2\1_4_2.csproj", "{95DDAE56-EEC3-48C8-B0C2-2973550F6073}"
EndProject
Project("{FAE04EC0-301F-11D3-BF4B-00C04F79EFBC}") = "1_5", "1_5\1_5.csproj", "{01D1C556-A14E-41FE-9F6D-50B29B39F282}"
EndProject
Project("{FAE04EC0-301F-11D3-BF4B-00C04F79EFBC}") = "1_6_1", "1_6_1\1_6_1.csproj", "{CD00BB14-C6B7-4F5E-935C-4259771DC98E}"
EndProject
Project("{FAE04EC0-301F-11D3-BF4B-00C04F79EFBC}") = "1_6_2", "1_6_2\1_6_2.csproj", "{AD96DE57-E46F-4676-8AC5-7E5CAAB6816A}"
EndProject
Project("{FAE04EC0-301F-11D3-BF4B-00C04F79EFBC}") = "1_6_3", "1_6_3\1_6_3.csproj", "{3EA40BE1-3077-4163-AAE6-2604986E12FF}"
EndProject
Project("{FAE04EC0-301F-11D3-BF4B-00C04F79EFBC}") = "1_7_1", "1_7_1\1_7_1.csproj", "{17012ED8-A7A2-433F-B7CD-3CB7AC433DB8}"
EndProject
Project("{FAE04EC0-301F-11D3-BF4B-00C04F79EFBC}") = "1_8_1", "1_8_1\1_8_1.csproj", "{035D46DC-DA26-4340-A4E5-95A5EF119B9B}"
EndProject
Project("{FAE04EC0-301F-11D3-BF4B-00C04F79EFBC}") = "1_8_2", "1_8_2\1_8_2.csproj", "{963BD92E-B66B-4F77-9B86-D3294F240CA1}"
EndProject
Project("{FAE04EC0-301F-11D3-BF4B-00C04F79EFBC}") = "2_1_1", "2_1_1\2_1_1.csproj", "{4F44285A-71CD-4EBE-BD94-574E3C2F558A}"
EndProject
Project("{FAE04EC0-301F-11D3-BF4B-00C04F79EFBC}") = "2_1_2", "2_1_2\2_1_2.csproj", "{CABF6869-7D34-45F4-950D-6C20359E7A7C}"
EndProject
Project("{FAE04EC0-301F-11D3-BF4B-00C04F79EFBC}") = "2_1_3", "2_1_3\2_1_3.csproj", "{DEE0DB29-9AED-435E-96B8-02B919584835}"
EndProject
Project("{FAE04EC0-301F-11D3-BF4B-00C04F79EFBC}") = "2_2_1", "2_2_1\2_2_1.csproj", "{8C52241D-A2D6-4C66-A3E4-ABF0C0153905}"
EndProject
Project("{FAE04EC0-301F-11D3-BF4B-00C04F79EFBC}") = "2_4_2", "2_4_2\2_4_2.csproj", "{3FA3E0B6-7F33-41FA-A321-43F952DAB996}"
EndProject
Project("{FAE04EC0-301F-11D3-BF4B-00C04F79EFBC}") = "2_5_1", "2_5_1\2_5_1.csproj", "{94910876-E1B0-4F73-A5BE-82ADC973DEA8}"
EndProject
Project("{FAE04EC0-301F-11D3-BF4B-00C04F79EFBC}") = "2_5_2", "2_5_2\2_5_2.csproj", "{A0BA1E7B-9D3D-4F88-B53F-DC1BC810173A}"
EndProject
Project("{FAE04EC0-301F-11D3-BF4B-00C04F79EFBC}") = "2_5_3", "2_5_3\2_5_3.csproj", "{BE29CA2A-1BB3-4257-A7D3-4ADE3DF24C40}"
EndProject
Project("{FAE04EC0-301F-11D3-BF4B-00C04F79EFBC}") = "2_6_1", "2_6_1\2_6_1.csproj", "{9042BC02-A2AC-4A17-87C0-6FD4F58595C6}"
EndProject
Project("{FAE04EC0-301F-11D3-BF4B-00C04F79EFBC}") = "3_2_1", "3_2_1\3_2_1.csproj", "{FE215C83-8274-4FFF-972D-727A7CC30547}"
EndProject
Project("{FAE04EC0-301F-11D3-BF4B-00C04F79EFBC}") = "3_4SimpleHandler", "3_4SimpleHandler\3_4SimpleHandler.csproj", "{1213C748-7BC5-4CD7-9A63-DAB1B5D4F768}"
EndProject
Global
	GlobalSection(SolutionConfigurationPlatforms) = preSolution
		Debug|Any CPU = Debug|Any CPU
		Release|Any CPU = Release|Any CPU
	EndGlobalSection
	GlobalSection(ProjectConfigurationPlatforms) = postSolution
		{B4C44B20-D68B-4B79-89A6-B09BC14C5308}.Debug|Any CPU.ActiveCfg = Debug|Any CPU
		{B4C44B20-D68B-4B79-89A6-B09BC14C5308}.Debug|Any CPU.Build.0 = Debug|Any CPU
		{B4C44B20-D68B-4B79-89A6-B09BC14C5308}.Release|Any CPU.ActiveCfg = Release|Any CPU
		{B4C44B20-D68B-4B79-89A6-B09BC14C5308}.Release|Any CPU.Build.0 = Release|Any CPU
		{6466B663-B842-4A88-B9C2-AF8DBCB6CE6C}.Debug|Any CPU.ActiveCfg = Debug|Any CPU
		{6466B663-B842-4A88-B9C2-AF8DBCB6CE6C}.Debug|Any CPU.Build.0 = Debug|Any CPU
		{6466B663-B842-4A88-B9C2-AF8DBCB6CE6C}.Release|Any CPU.ActiveCfg = Release|Any CPU
		{6466B663-B842-4A88-B9C2-AF8DBCB6CE6C}.Release|Any CPU.Build.0 = Release|Any CPU
		{AEFF08B5-D2D0-4850-A019-3A41F6EBDA2D}.Debug|Any CPU.ActiveCfg = Debug|Any CPU
		{AEFF08B5-D2D0-4850-A019-3A41F6EBDA2D}.Debug|Any CPU.Build.0 = Debug|Any CPU
		{AEFF08B5-D2D0-4850-A019-3A41F6EBDA2D}.Release|Any CPU.ActiveCfg = Release|Any CPU
		{AEFF08B5-D2D0-4850-A019-3A41F6EBDA2D}.Release|Any CPU.Build.0 = Release|Any CPU
		{A14A29E6-A533-4432-8D7B-5A56E3B36BC1}.Debug|Any CPU.ActiveCfg = Debug|Any CPU
		{A14A29E6-A533-4432-8D7B-5A56E3B36BC1}.Debug|Any CPU.Build.0 = Debug|Any CPU
		{A14A29E6-A533-4432-8D7B-5A56E3B36BC1}.Release|Any CPU.ActiveCfg = Release|Any CPU
		{A14A29E6-A533-4432-8D7B-5A56E3B36BC1}.Release|Any CPU.Build.0 = Release|Any CPU
		{4B596409-1AFF-4846-88E3-3D1FF550DC2F}.Debug|Any CPU.ActiveCfg = Debug|Any CPU
		{4B596409-1AFF-4846-88E3-3D1FF550DC2F}.Debug|Any CPU.Build.0 = Debug|Any CPU
		{4B596409-1AFF-4846-88E3-3D1FF550DC2F}.Release|Any CPU.ActiveCfg = Release|Any CPU
		{4B596409-1AFF-4846-88E3-3D1FF550DC2F}.Release|Any CPU.Build.0 = Release|Any CPU
		{95DDAE56-EEC3-48C8-B0C2-2973550F6073}.Debug|Any CPU.ActiveCfg = Debug|Any CPU
		{95DDAE56-EEC3-48C8-B0C2-2973550F6073}.Debug|Any CPU.Build.0 = Debug|Any CPU
		{95DDAE56-EEC3-48C8-B0C2-2973550F6073}.Release|Any CPU.ActiveCfg = Release|Any CPU
		{95DDAE56-EEC3-48C8-B0C2-2973550F6073}.Release|Any CPU.Build.0 = Release|Any CPU
		{01D1C556-A14E-41FE-9F6D-50B29B39F282}.Debug|Any CPU.ActiveCfg = Debug|Any CPU
		{01D1C556-A14E-41FE-9F6D-50B29B39F282}.Debug|Any CPU.Build.0 = Debug|Any CPU
		{01D1C556-A14E-41FE-9F6D-50B29B39F282}.Release|Any CPU.ActiveCfg = Release|Any CPU
		{01D1C556-A14E-41FE-9F6D-50B29B39F282}.Release|Any CPU.Build.0 = Release|Any CPU
		{CD00BB14-C6B7-4F5E-935C-4259771DC98E}.Debug|Any CPU.ActiveCfg = Debug|Any CPU
		{CD00BB14-C6B7-4F5E-935C-4259771DC98E}.Debug|Any CPU.Build.0 = Debug|Any CPU
		{CD00BB14-C6B7-4F5E-935C-4259771DC98E}.Release|Any CPU.ActiveCfg = Release|Any CPU
		{CD00BB14-C6B7-4F5E-935C-4259771DC98E}.Release|Any CPU.Build.0 = Release|Any CPU
		{AD96DE57-E46F-4676-8AC5-7E5CAAB6816A}.Debug|Any CPU.ActiveCfg = Debug|Any CPU
		{AD96DE57-E46F-4676-8AC5-7E5CAAB6816A}.Debug|Any CPU.Build.0 = Debug|Any CPU
		{AD96DE57-E46F-4676-8AC5-7E5CAAB6816A}.Release|Any CPU.ActiveCfg = Release|Any CPU
		{AD96DE57-E46F-4676-8AC5-7E5CAAB6816A}.Release|Any CPU.Build.0 = Release|Any CPU
		{3EA40BE1-3077-4163-AAE6-2604986E12FF}.Debug|Any CPU.ActiveCfg = Debug|Any CPU
		{3EA40BE1-3077-4163-AAE6-2604986E12FF}.Debug|Any CPU.Build.0 = Debug|Any CPU
		{3EA40BE1-3077-4163-AAE6-2604986E12FF}.Release|Any CPU.ActiveCfg = Release|Any CPU
		{3EA40BE1-3077-4163-AAE6-2604986E12FF}.Release|Any CPU.Build.0 = Release|Any CPU
		{17012ED8-A7A2-433F-B7CD-3CB7AC433DB8}.Debug|Any CPU.ActiveCfg = Debug|Any CPU
		{17012ED8-A7A2-433F-B7CD-3CB7AC433DB8}.Debug|Any CPU.Build.0 = Debug|Any CPU
		{17012ED8-A7A2-433F-B7CD-3CB7AC433DB8}.Release|Any CPU.ActiveCfg = Release|Any CPU
		{17012ED8-A7A2-433F-B7CD-3CB7AC433DB8}.Release|Any CPU.Build.0 = Release|Any CPU
		{035D46DC-DA26-4340-A4E5-95A5EF119B9B}.Debug|Any CPU.ActiveCfg = Debug|Any CPU
		{035D46DC-DA26-4340-A4E5-95A5EF119B9B}.Debug|Any CPU.Build.0 = Debug|Any CPU
		{035D46DC-DA26-4340-A4E5-95A5EF119B9B}.Release|Any CPU.ActiveCfg = Release|Any CPU
		{035D46DC-DA26-4340-A4E5-95A5EF119B9B}.Release|Any CPU.Build.0 = Release|Any CPU
		{963BD92E-B66B-4F77-9B86-D3294F240CA1}.Debug|Any CPU.ActiveCfg = Debug|Any CPU
		{963BD92E-B66B-4F77-9B86-D3294F240CA1}.Debug|Any CPU.Build.0 = Debug|Any CPU
		{963BD92E-B66B-4F77-9B86-D3294F240CA1}.Release|Any CPU.ActiveCfg = Release|Any CPU
		{963BD92E-B66B-4F77-9B86-D3294F240CA1}.Release|Any CPU.Build.0 = Release|Any CPU
		{4F44285A-71CD-4EBE-BD94-574E3C2F558A}.Debug|Any CPU.ActiveCfg = Debug|Any CPU
		{4F44285A-71CD-4EBE-BD94-574E3C2F558A}.Debug|Any CPU.Build.0 = Debug|Any CPU
		{4F44285A-71CD-4EBE-BD94-574E3C2F558A}.Release|Any CPU.ActiveCfg = Release|Any CPU
		{4F44285A-71CD-4EBE-BD94-574E3C2F558A}.Release|Any CPU.Build.0 = Release|Any CPU
		{CABF6869-7D34-45F4-950D-6C20359E7A7C}.Debug|Any CPU.ActiveCfg = Debug|Any CPU
		{CABF6869-7D34-45F4-950D-6C20359E7A7C}.Debug|Any CPU.Build.0 = Debug|Any CPU
		{CABF6869-7D34-45F4-950D-6C20359E7A7C}.Release|Any CPU.ActiveCfg = Release|Any CPU
		{CABF6869-7D34-45F4-950D-6C20359E7A7C}.Release|Any CPU.Build.0 = Release|Any CPU
		{DEE0DB29-9AED-435E-96B8-02B919584835}.Debug|Any CPU.ActiveCfg = Debug|Any CPU
		{DEE0DB29-9AED-435E-96B8-02B919584835}.Debug|Any CPU.Build.0 = Debug|Any CPU
		{DEE0DB29-9AED-435E-96B8-02B919584835}.Release|Any CPU.ActiveCfg = Release|Any CPU
		{DEE0DB29-9AED-435E-96B8-02B919584835}.Release|Any CPU.Build.0 = Release|Any CPU
		{8C52241D-A2D6-4C66-A3E4-ABF0C0153905}.Debug|Any CPU.ActiveCfg = Debug|Any CPU
		{8C52241D-A2D6-4C66-A3E4-ABF0C0153905}.Debug|Any CPU.Build.0 = Debug|Any CPU
		{8C52241D-A2D6-4C66-A3E4-ABF0C0153905}.Release|Any CPU.ActiveCfg = Release|Any CPU
		{8C52241D-A2D6-4C66-A3E4-ABF0C0153905}.Release|Any CPU.Build.0 = Release|Any CPU
		{3FA3E0B6-7F33-41FA-A321-43F952DAB996}.Debug|Any CPU.ActiveCfg = Debug|Any CPU
		{3FA3E0B6-7F33-41FA-A321-43F952DAB996}.Debug|Any CPU.Build.0 = Debug|Any CPU
		{3FA3E0B6-7F33-41FA-A321-43F952DAB996}.Release|Any CPU.ActiveCfg = Release|Any CPU
		{3FA3E0B6-7F33-41FA-A321-43F952DAB996}.Release|Any CPU.Build.0 = Release|Any CPU
		{94910876-E1B0-4F73-A5BE-82ADC973DEA8}.Debug|Any CPU.ActiveCfg = Debug|Any CPU
		{94910876-E1B0-4F73-A5BE-82ADC973DEA8}.Debug|Any CPU.Build.0 = Debug|Any CPU
		{94910876-E1B0-4F73-A5BE-82ADC973DEA8}.Release|Any CPU.ActiveCfg = Release|Any CPU
		{94910876-E1B0-4F73-A5BE-82ADC973DEA8}.Release|Any CPU.Build.0 = Release|Any CPU
		{A0BA1E7B-9D3D-4F88-B53F-DC1BC810173A}.Debug|Any CPU.ActiveCfg = Debug|Any CPU
		{A0BA1E7B-9D3D-4F88-B53F-DC1BC810173A}.Debug|Any CPU.Build.0 = Debug|Any CPU
		{A0BA1E7B-9D3D-4F88-B53F-DC1BC810173A}.Release|Any CPU.ActiveCfg = Release|Any CPU
		{A0BA1E7B-9D3D-4F88-B53F-DC1BC810173A}.Release|Any CPU.Build.0 = Release|Any CPU
		{BE29CA2A-1BB3-4257-A7D3-4ADE3DF24C40}.Debug|Any CPU.ActiveCfg = Debug|Any CPU
		{BE29CA2A-1BB3-4257-A7D3-4ADE3DF24C40}.Debug|Any CPU.Build.0 = Debug|Any CPU
		{BE29CA2A-1BB3-4257-A7D3-4ADE3DF24C40}.Release|Any CPU.ActiveCfg = Release|Any CPU
		{BE29CA2A-1BB3-4257-A7D3-4ADE3DF24C40}.Release|Any CPU.Build.0 = Release|Any CPU
		{9042BC02-A2AC-4A17-87C0-6FD4F58595C6}.Debug|Any CPU.ActiveCfg = Debug|Any CPU
		{9042BC02-A2AC-4A17-87C0-6FD4F58595C6}.Debug|Any CPU.Build.0 = Debug|Any CPU
		{9042BC02-A2AC-4A17-87C0-6FD4F58595C6}.Release|Any CPU.ActiveCfg = Release|Any CPU
		{9042BC02-A2AC-4A17-87C0-6FD4F58595C6}.Release|Any CPU.Build.0 = Release|Any CPU
		{FE215C83-8274-4FFF-972D-727A7CC30547}.Debug|Any CPU.ActiveCfg = Debug|Any CPU
		{FE215C83-8274-4FFF-972D-727A7CC30547}.Debug|Any CPU.Build.0 = Debug|Any CPU
		{FE215C83-8274-4FFF-972D-727A7CC30547}.Release|Any CPU.ActiveCfg = Release|Any CPU
		{FE215C83-8274-4FFF-972D-727A7CC30547}.Release|Any CPU.Build.0 = Release|Any CPU
		{1213C748-7BC5-4CD7-9A63-DAB1B5D4F768}.Debug|Any CPU.ActiveCfg = Debug|Any CPU
		{1213C748-7BC5-4CD7-9A63-DAB1B5D4F768}.Debug|Any CPU.Build.0 = Debug|Any CPU
		{1213C748-7BC5-4CD7-9A63-DAB1B5D4F768}.Release|Any CPU.ActiveCfg = Release|Any CPU
		{1213C748-7BC5-4CD7-9A63-DAB1B5D4F768}.Release|Any CPU.Build.0 = Release|Any CPU
	EndGlobalSection
	GlobalSection(SolutionProperties) = preSolution
		HideSolutionNode = FALSE
	EndGlobalSection
	GlobalSection(ExtensibilityGlobals) = postSolution
		SolutionGuid = {1F2F9431-112C-47F5-9119-F860318CA747}
	EndGlobalSection
EndGlobal
